{
  "name": "@nomarj/sigil",
  "version": "1.0.5",
  "lockfileVersion": 3,
  "requires": true,
  "packages": {
    "": {
      "name": "@nomarj/sigil",
      "version": "1.0.5",
      "cpu": [
        "x64",
        "arm64"
      ],
      "hasInstallScript": true,
      "license": "Apache-2.0",
      "os": [
        "darwin",
        "linux",
        "win32"
      ],
      "bin": {
        "sigil": "bin/sigil-wrapper.js"
      },
      "engines": {
        "node": ">=18.0.0"
      }
    }
  }
}
